<?xml version="1.0" encoding="utf-8"?>
<Project ToolsVersion="4.0" xmlns="http://schemas.microsoft.com/developer/msbuild/2003">
  <ItemGroup>
    <Filter Include="Source Files">
      <UniqueIdentifier>{4FC737F1-C7A5-4376-A066-2A32D752A2FF}</UniqueIdentifier>
      <Extensions>cpp;c;cc;cxx;c++;cppm;ixx;def;odl;idl;hpj;bat;asm;asmx</Extensions>
    </Filter>
    <Filter Include="Header Files">
      <UniqueIdentifier>{93995380-89BD-4b04-88EB-625FBE52EBFB}</UniqueIdentifier>
      <Extensions>h;hh;hpp;hxx;h++;hm;inl;inc;ipp;xsd</Extensions>
    </Filter>
    <Filter Include="Resource Files">
      <UniqueIdentifier>{67DA6AB6-F800-4c08-8B7A-83BB121AAD01}</UniqueIdentifier>
      <Extensions>rc;ico;cur;bmp;dlg;rc2;rct;bin;rgs;gif;jpg;jpeg;jpe;resx;tiff;tif;png;wav;mfcribbon-ms</Extensions>
    </Filter>
    <Filter Include="Header Files\Components">
      <UniqueIdentifier>{af8c4a9d-6a48-47ec-bb7d-e82f4fc27b79}</UniqueIdentifier>
    </Filter>
    <Filter Include="Source Files\Components">
      <UniqueIdentifier>{41525bdc-07a3-43ba-bebc-87c305973c30}</UniqueIdentifier>
    </Filter>
    <Filter Include="Header Files\Commands">
      <UniqueIdentifier>{c2965ba0-2ba8-4290-a555-66789ed1940a}</UniqueIdentifier>
    </Filter>
    <Filter Include="Source Files\Commands">
      <UniqueIdentifier>{4411f8cf-f837-4e30-8d27-683f77dc3fb7}</UniqueIdentifier>
    </Filter>
    <Filter Include="Source Files\GameStates">
      <UniqueIdentifier>{ff4b81d9-1a27-470c-804e-03cc91ac5488}</UniqueIdentifier>
    </Filter>
    <Filter Include="Header Files\GameStates">
      <UniqueIdentifier>{e4d000a7-a67b-47a3-88e8-6aa2cee963e8}</UniqueIdentifier>
    </Filter>
    <Filter Include="Header Files\Characters">
      <UniqueIdentifier>{2cd35ef2-54bb-484b-ad55-130974789852}</UniqueIdentifier>
    </Filter>
    <Filter Include="Header Files\DiggerMobileStates">
      <UniqueIdentifier>{5dfe24ba-2815-4267-8bba-6f02b4bd1340}</UniqueIdentifier>
    </Filter>
    <Filter Include="Source Files\DiggerMobileStates">
      <UniqueIdentifier>{18373e2a-47bb-4fa5-9c03-7058cf7398ca}</UniqueIdentifier>
    </Filter>
  </ItemGroup>
  <ItemGroup>
    <ClCompile Include="main.cpp">
      <Filter>Source Files</Filter>
    </ClCompile>
    <ClCompile Include="..\Minigin\FPSComponent.cpp">
      <Filter>Source Files\Components</Filter>
    </ClCompile>
    <ClCompile Include="..\Minigin\HealthComponent.cpp">
      <Filter>Source Files\Components</Filter>
    </ClCompile>
    <ClCompile Include="..\Minigin\HealthDisplayComponent.cpp">
      <Filter>Source Files\Components</Filter>
    </ClCompile>
    <ClCompile Include="..\Minigin\RotatorComponent.cpp">
      <Filter>Source Files\Components</Filter>
    </ClCompile>
    <ClCompile Include="..\Minigin\ScoreComponent.cpp">
      <Filter>Source Files\Components</Filter>
    </ClCompile>
    <ClCompile Include="..\Minigin\ScoreDisplayComponent.cpp">
      <Filter>Source Files\Components</Filter>
    </ClCompile>
    <ClCompile Include="..\Minigin\DamageCommand.cpp">
      <Filter>Source Files\Commands</Filter>
    </ClCompile>
    <ClCompile Include="..\Minigin\KillEnemyCommand.cpp">
      <Filter>Source Files\Commands</Filter>
    </ClCompile>
    <ClCompile Include="..\Minigin\MovementCommands.cpp">
      <Filter>Source Files\Commands</Filter>
    </ClCompile>
    <ClCompile Include="EventTypes.cpp">
      <Filter>Source Files</Filter>
    </ClCompile>
    <ClCompile Include="DiggerGame.cpp">
      <Filter>Source Files</Filter>
    </ClCompile>
    <ClCompile Include="DiggerMobile.cpp">
      <Filter>Source Files</Filter>
    </ClCompile>
    <ClCompile Include="Character.cpp">
      <Filter>Source Files</Filter>
    </ClCompile>
    <ClCompile Include="StartScreenMenuCommand.cpp">
      <Filter>Source Files\Commands</Filter>
    </ClCompile>
    <ClCompile Include="StartScreenState.cpp">
      <Filter>Source Files\GameStates</Filter>
    </ClCompile>
    <ClCompile Include="GameScreenState.cpp">
      <Filter>Source Files\GameStates</Filter>
    </ClCompile>
    <ClCompile Include="DiggerMobileDiggingState.cpp">
      <Filter>Source Files\DiggerMobileStates</Filter>
    </ClCompile>
    <ClCompile Include="DiggerMobileDyingState.cpp">
      <Filter>Source Files\DiggerMobileStates</Filter>
    </ClCompile>
    <ClCompile Include="DiggerMobileDeadState.cpp">
      <Filter>Source Files</Filter>
    </ClCompile>
  </ItemGroup>
  <ItemGroup>
    <ClInclude Include="..\Minigin\FPSComponent.h">
      <Filter>Header Files\Components</Filter>
    </ClInclude>
    <ClInclude Include="..\Minigin\HealthComponent.h">
      <Filter>Header Files\Components</Filter>
    </ClInclude>
    <ClInclude Include="..\Minigin\HealthDisplayComponent.h">
      <Filter>Header Files\Components</Filter>
    </ClInclude>
    <ClInclude Include="..\Minigin\RotatorComponent.h">
      <Filter>Header Files\Components</Filter>
    </ClInclude>
    <ClInclude Include="..\Minigin\ScoreComponent.h">
      <Filter>Header Files\Components</Filter>
    </ClInclude>
    <ClInclude Include="..\Minigin\ScoreDisplayComponent.h">
      <Filter>Header Files\Components</Filter>
    </ClInclude>
    <ClInclude Include="..\Minigin\DamageCommand.h">
      <Filter>Header Files\Commands</Filter>
    </ClInclude>
    <ClInclude Include="..\Minigin\KillEnemyCommand.h">
      <Filter>Header Files\Commands</Filter>
    </ClInclude>
    <ClInclude Include="..\Minigin\MovementCommands.h">
      <Filter>Header Files\Commands</Filter>
    </ClInclude>
    <ClInclude Include="EventTypes.h">
      <Filter>Header Files</Filter>
    </ClInclude>
    <ClInclude Include="DiggerGame.h">
      <Filter>Header Files</Filter>
    </ClInclude>
    <ClInclude Include="StartScreenState.h">
      <Filter>Header Files\GameStates</Filter>
    </ClInclude>
    <ClInclude Include="StartScreenMenuCommand.h">
      <Filter>Header Files\Commands</Filter>
    </ClInclude>
    <ClInclude Include="GameScreenState.h">
      <Filter>Header Files\GameStates</Filter>
    </ClInclude>
    <ClInclude Include="DiggerMobile.h">
      <Filter>Header Files\Characters</Filter>
    </ClInclude>
    <ClInclude Include="Character.h">
      <Filter>Header Files\Characters</Filter>
    </ClInclude>
    <ClInclude Include="DiggerMobileDiggingState.h">
      <Filter>Header Files\DiggerMobileStates</Filter>
    </ClInclude>
    <ClInclude Include="DiggerMobileDyingState.h">
      <Filter>Header Files\DiggerMobileStates</Filter>
    </ClInclude>
    <ClInclude Include="DiggerMobileDeadState.h">
      <Filter>Header Files\DiggerMobileStates</Filter>
    </ClInclude>
  </ItemGroup>
</Project>