<?xml version="1.0" encoding="utf-8"?>
<Project ToolsVersion="4.0" xmlns="http://schemas.microsoft.com/developer/msbuild/2003">
  <ItemGroup>
    <Filter Include="Source Files">
      <UniqueIdentifier>{4FC737F1-C7A5-4376-A066-2A32D752A2FF}</UniqueIdentifier>
      <Extensions>cpp;c;cc;cxx;c++;cppm;ixx;def;odl;idl;hpj;bat;asm;asmx</Extensions>
    </Filter>
    <Filter Include="Header Files">
      <UniqueIdentifier>{93995380-89BD-4b04-88EB-625FBE52EBFB}</UniqueIdentifier>
      <Extensions>h;hh;hpp;hxx;h++;hm;inl;inc;ipp;xsd</Extensions>
    </Filter>
    <Filter Include="Resource Files">
      <UniqueIdentifier>{67DA6AB6-F800-4c08-8B7A-83BB121AAD01}</UniqueIdentifier>
      <Extensions>rc;ico;cur;bmp;dlg;rc2;rct;bin;rgs;gif;jpg;jpeg;jpe;resx;tiff;tif;png;wav;mfcribbon-ms</Extensions>
    </Filter>
    <Filter Include="Header Files\Components">
      <UniqueIdentifier>{af8c4a9d-6a48-47ec-bb7d-e82f4fc27b79}</UniqueIdentifier>
    </Filter>
    <Filter Include="Source Files\Components">
      <UniqueIdentifier>{41525bdc-07a3-43ba-bebc-87c305973c30}</UniqueIdentifier>
    </Filter>
    <Filter Include="Header Files\Commands">
      <UniqueIdentifier>{c2965ba0-2ba8-4290-a555-66789ed1940a}</UniqueIdentifier>
    </Filter>
    <Filter Include="Source Files\Commands">
      <UniqueIdentifier>{4411f8cf-f837-4e30-8d27-683f77dc3fb7}</UniqueIdentifier>
    </Filter>
    <Filter Include="Header Files\Characters">
      <UniqueIdentifier>{2cd35ef2-54bb-484b-ad55-130974789852}</UniqueIdentifier>
    </Filter>
    <Filter Include="Header Files\Items">
      <UniqueIdentifier>{c148e072-2b9d-4a3b-b75a-2b0abbc614c3}</UniqueIdentifier>
    </Filter>
    <Filter Include="Source Files\Items">
      <UniqueIdentifier>{57779761-c837-4a29-9832-992f6f72c3f7}</UniqueIdentifier>
    </Filter>
    <Filter Include="Header Files\States">
      <UniqueIdentifier>{105b64b5-d772-463a-ad03-4bd63eb180fc}</UniqueIdentifier>
    </Filter>
    <Filter Include="Header Files\States\GameStates">
      <UniqueIdentifier>{e4d000a7-a67b-47a3-88e8-6aa2cee963e8}</UniqueIdentifier>
    </Filter>
    <Filter Include="Header Files\States\DiggerMobileStates">
      <UniqueIdentifier>{5dfe24ba-2815-4267-8bba-6f02b4bd1340}</UniqueIdentifier>
    </Filter>
    <Filter Include="Header Files\States\MoneyBagStates">
      <UniqueIdentifier>{53025bbf-e265-4b6b-9347-f6e23f4cf68e}</UniqueIdentifier>
    </Filter>
    <Filter Include="Source Files\States">
      <UniqueIdentifier>{2fc78cc8-73b7-417f-bf38-e9910cecb227}</UniqueIdentifier>
    </Filter>
    <Filter Include="Source Files\States\MoneyBagStates">
      <UniqueIdentifier>{3002a0f7-45b0-4c4e-8796-6da7ceee3ecc}</UniqueIdentifier>
    </Filter>
    <Filter Include="Header Files\PrototypePattern">
      <UniqueIdentifier>{dec10711-4c91-47b6-be73-ac57a4981e5b}</UniqueIdentifier>
    </Filter>
    <Filter Include="Source Files\Characters">
      <UniqueIdentifier>{6850fd12-81d6-42a8-a399-f580265713bc}</UniqueIdentifier>
    </Filter>
    <Filter Include="Source Files\States\GameStates">
      <UniqueIdentifier>{ff4b81d9-1a27-470c-804e-03cc91ac5488}</UniqueIdentifier>
    </Filter>
    <Filter Include="Source Files\States\DiggerMobileStates">
      <UniqueIdentifier>{18373e2a-47bb-4fa5-9c03-7058cf7398ca}</UniqueIdentifier>
    </Filter>
    <Filter Include="Header Files\HighscoreSystem">
      <UniqueIdentifier>{a339fb2a-3b60-4e63-b8fb-c3fa219d7fdf}</UniqueIdentifier>
    </Filter>
  </ItemGroup>
  <ItemGroup>
    <ClCompile Include="main.cpp">
      <Filter>Source Files</Filter>
    </ClCompile>
    <ClCompile Include="..\Minigin\FPSComponent.cpp">
      <Filter>Source Files\Components</Filter>
    </ClCompile>
    <ClCompile Include="..\Minigin\HealthComponent.cpp">
      <Filter>Source Files\Components</Filter>
    </ClCompile>
    <ClCompile Include="..\Minigin\HealthDisplayComponent.cpp">
      <Filter>Source Files\Components</Filter>
    </ClCompile>
    <ClCompile Include="..\Minigin\RotatorComponent.cpp">
      <Filter>Source Files\Components</Filter>
    </ClCompile>
    <ClCompile Include="..\Minigin\ScoreComponent.cpp">
      <Filter>Source Files\Components</Filter>
    </ClCompile>
    <ClCompile Include="..\Minigin\ScoreDisplayComponent.cpp">
      <Filter>Source Files\Components</Filter>
    </ClCompile>
    <ClCompile Include="..\Minigin\DamageCommand.cpp">
      <Filter>Source Files\Commands</Filter>
    </ClCompile>
    <ClCompile Include="..\Minigin\KillEnemyCommand.cpp">
      <Filter>Source Files\Commands</Filter>
    </ClCompile>
    <ClCompile Include="..\Minigin\MovementCommands.cpp">
      <Filter>Source Files\Commands</Filter>
    </ClCompile>
    <ClCompile Include="EventTypes.cpp">
      <Filter>Source Files</Filter>
    </ClCompile>
    <ClCompile Include="MenuCommand.cpp">
      <Filter>Source Files\Commands</Filter>
    </ClCompile>
    <ClCompile Include="StartScreenState.cpp">
      <Filter>Source Files\States\GameStates</Filter>
    </ClCompile>
    <ClCompile Include="GameScreenState.cpp">
      <Filter>Source Files\States\GameStates</Filter>
    </ClCompile>
    <ClCompile Include="DiggerMobileDiggingState.cpp">
      <Filter>Source Files\States\DiggerMobileStates</Filter>
    </ClCompile>
    <ClCompile Include="DiggerMobileDyingState.cpp">
      <Filter>Source Files\States\DiggerMobileStates</Filter>
    </ClCompile>
    <ClCompile Include="TerrainComponent.cpp">
      <Filter>Source Files\Components</Filter>
    </ClCompile>
    <ClCompile Include="DiggerMobileDeadState.cpp">
      <Filter>Source Files\States\DiggerMobileStates</Filter>
    </ClCompile>
    <ClCompile Include="Emerald.cpp">
      <Filter>Source Files\Items</Filter>
    </ClCompile>
    <ClCompile Include="Item.cpp">
      <Filter>Source Files\Items</Filter>
    </ClCompile>
    <ClCompile Include="MoneyBag.cpp">
      <Filter>Source Files\Items</Filter>
    </ClCompile>
    <ClCompile Include="MoneyBagIdle.cpp">
      <Filter>Source Files\States\MoneyBagStates</Filter>
    </ClCompile>
    <ClCompile Include="MoneyBagPrefall.cpp">
      <Filter>Source Files\States\MoneyBagStates</Filter>
    </ClCompile>
    <ClCompile Include="MoneyBagFalling.cpp">
      <Filter>Source Files\States\MoneyBagStates</Filter>
    </ClCompile>
    <ClCompile Include="Level.cpp">
      <Filter>Source Files</Filter>
    </ClCompile>
    <ClCompile Include="Character.cpp">
      <Filter>Source Files\Characters</Filter>
    </ClCompile>
    <ClCompile Include="Nobbin.cpp">
      <Filter>Source Files\Characters</Filter>
    </ClCompile>
    <ClCompile Include="DiggerGame.cpp">
      <Filter>Source Files</Filter>
    </ClCompile>
    <ClCompile Include="DiggerMobile.cpp">
      <Filter>Source Files\Characters</Filter>
    </ClCompile>
    <ClCompile Include="EnemySpawnerComponent.cpp">
      <Filter>Source Files\Components</Filter>
    </ClCompile>
    <ClCompile Include="Pathfinder.cpp">
      <Filter>Source Files</Filter>
    </ClCompile>
    <ClCompile Include="NobbinAIComponent.cpp">
      <Filter>Source Files\Components</Filter>
    </ClCompile>
    <ClCompile Include="HighScoreManager.cpp">
      <Filter>Source Files</Filter>
    </ClCompile>
    <ClCompile Include="LivesComponent.cpp">
      <Filter>Source Files\Components</Filter>
    </ClCompile>
    <ClCompile Include="Gold.cpp">
      <Filter>Source Files\Items</Filter>
    </ClCompile>
    <ClCompile Include="ScoreRegisterScreenState.cpp">
      <Filter>Source Files\States\GameStates</Filter>
    </ClCompile>
    <ClCompile Include="LetterTextComponent.cpp">
      <Filter>Source Files\Components</Filter>
    </ClCompile>
    <ClCompile Include="GameCommands.cpp">
      <Filter>Source Files\Commands</Filter>
    </ClCompile>
  </ItemGroup>
  <ItemGroup>
    <ClInclude Include="..\Minigin\FPSComponent.h">
      <Filter>Header Files\Components</Filter>
    </ClInclude>
    <ClInclude Include="..\Minigin\HealthComponent.h">
      <Filter>Header Files\Components</Filter>
    </ClInclude>
    <ClInclude Include="..\Minigin\HealthDisplayComponent.h">
      <Filter>Header Files\Components</Filter>
    </ClInclude>
    <ClInclude Include="..\Minigin\RotatorComponent.h">
      <Filter>Header Files\Components</Filter>
    </ClInclude>
    <ClInclude Include="..\Minigin\ScoreComponent.h">
      <Filter>Header Files\Components</Filter>
    </ClInclude>
    <ClInclude Include="..\Minigin\ScoreDisplayComponent.h">
      <Filter>Header Files\Components</Filter>
    </ClInclude>
    <ClInclude Include="..\Minigin\DamageCommand.h">
      <Filter>Header Files\Commands</Filter>
    </ClInclude>
    <ClInclude Include="..\Minigin\KillEnemyCommand.h">
      <Filter>Header Files\Commands</Filter>
    </ClInclude>
    <ClInclude Include="..\Minigin\MovementCommands.h">
      <Filter>Header Files\Commands</Filter>
    </ClInclude>
    <ClInclude Include="EventTypes.h">
      <Filter>Header Files</Filter>
    </ClInclude>
    <ClInclude Include="DiggerGame.h">
      <Filter>Header Files</Filter>
    </ClInclude>
    <ClInclude Include="StartScreenState.h">
      <Filter>Header Files\States\GameStates</Filter>
    </ClInclude>
    <ClInclude Include="MenuCommand.h">
      <Filter>Header Files\Commands</Filter>
    </ClInclude>
    <ClInclude Include="GameScreenState.h">
      <Filter>Header Files\States\GameStates</Filter>
    </ClInclude>
    <ClInclude Include="DiggerMobile.h">
      <Filter>Header Files\Characters</Filter>
    </ClInclude>
    <ClInclude Include="Character.h">
      <Filter>Header Files\Characters</Filter>
    </ClInclude>
    <ClInclude Include="DiggerMobileDiggingState.h">
      <Filter>Header Files\States\DiggerMobileStates</Filter>
    </ClInclude>
    <ClInclude Include="DiggerMobileDyingState.h">
      <Filter>Header Files\States\DiggerMobileStates</Filter>
    </ClInclude>
    <ClInclude Include="DiggerMobileDeadState.h">
      <Filter>Header Files\States\DiggerMobileStates</Filter>
    </ClInclude>
    <ClInclude Include="TerrainComponent.h">
      <Filter>Header Files\Components</Filter>
    </ClInclude>
    <ClInclude Include="Item.h">
      <Filter>Header Files\Items</Filter>
    </ClInclude>
    <ClInclude Include="Emerald.h">
      <Filter>Header Files\Items</Filter>
    </ClInclude>
    <ClInclude Include="MoneyBag.h">
      <Filter>Header Files\Items</Filter>
    </ClInclude>
    <ClInclude Include="MoneyBagIdle.h">
      <Filter>Header Files\States\MoneyBagStates</Filter>
    </ClInclude>
    <ClInclude Include="MoneyBagPrefall.h">
      <Filter>Header Files\States\MoneyBagStates</Filter>
    </ClInclude>
    <ClInclude Include="MoneyBagFalling.h">
      <Filter>Header Files\States\MoneyBagStates</Filter>
    </ClInclude>
    <ClInclude Include="DiggerConstants.h">
      <Filter>Header Files</Filter>
    </ClInclude>
    <ClInclude Include="Level.h">
      <Filter>Header Files</Filter>
    </ClInclude>
    <ClInclude Include="Prototype.h">
      <Filter>Header Files\PrototypePattern</Filter>
    </ClInclude>
    <ClInclude Include="PrototypeSpawner.h">
      <Filter>Header Files\PrototypePattern</Filter>
    </ClInclude>
    <ClInclude Include="Gold.h">
      <Filter>Header Files\Items</Filter>
    </ClInclude>
    <ClInclude Include="Nobbin.h">
      <Filter>Header Files\Characters</Filter>
    </ClInclude>
    <ClInclude Include="EnemySpawnerComponent.h">
      <Filter>Header Files\Components</Filter>
    </ClInclude>
    <ClInclude Include="Pathfinder.h">
      <Filter>Header Files</Filter>
    </ClInclude>
    <ClInclude Include="NobbinAIComponent.h">
      <Filter>Header Files\Components</Filter>
    </ClInclude>
    <ClInclude Include="LivesComponent.h">
      <Filter>Header Files</Filter>
    </ClInclude>
    <ClInclude Include="LetterTextComponent.h">
      <Filter>Header Files\Components</Filter>
    </ClInclude>
    <ClInclude Include="GameCommands.h">
      <Filter>Header Files\Commands</Filter>
    </ClInclude>
    <ClInclude Include="ScoreRegisterScreenState.h">
      <Filter>Header Files\States\GameStates</Filter>
    </ClInclude>
    <ClInclude Include="HighScoreManager.h">
      <Filter>Header Files\HighscoreSystem</Filter>
    </ClInclude>
  </ItemGroup>
</Project>